schema: '2.0'
stages:
  prepare:
    cmd: PYTHONPATH=. python obesity_estimator/dataset.py
    deps:
    - path: data/raw/obesity_estimation_modified.csv
      hash: md5
      md5: a3f3a840683ff115b8853e992200ba97
      size: 290776
    - path: obesity_estimator/dataset.py
      hash: md5
      md5: 77a610f8d9cb49de3f974cbf758d6b04
      size: 3946
    outs:
    - path: data/processed/obesity_estimation_clean.csv
      hash: md5
      md5: 05c7db71a32f3757337ad785ef3dbd2e
      size: 259884
  eda:
    cmd: PYTHONPATH=. python obesity_estimator/plots.py
    deps:
    - path: data/processed/obesity_estimation_clean.csv
      hash: md5
      md5: 05c7db71a32f3757337ad785ef3dbd2e
      size: 259884
    - path: obesity_estimator/plots.py
      hash: md5
      md5: 7fbee8a64bafbb6ec2044e0099c5317b
      size: 5651
    outs:
    - path: reports/figures
      hash: md5
      md5: e1ade95e6b8126d8ebfdcbc00898f2c2.dir
      size: 1117733
      nfiles: 30
  preprocessing:
    cmd: PYTHONPATH=. python obesity_estimator/features.py
    deps:
    - path: data/processed/obesity_estimation_clean.csv
      hash: md5
      md5: 05c7db71a32f3757337ad785ef3dbd2e
      size: 259884
    - path: obesity_estimator/features.py
      hash: md5
      md5: 44c5cda0b6cb75bfd347cf8b5dfa1f99
      size: 5098
    outs:
    - path: data/interim/class_distribution.csv
      hash: md5
      md5: 5ee759d760a212ddfe72840d74758493
      size: 227
    - path: data/interim/preprocessor.pkl
      hash: md5
      md5: 17ecfe8c0e0ab4524bdbb8e370a30bc5
      size: 4478
    - path: data/interim/test_prepared.csv
      hash: md5
      md5: 3eeaf0a35e61ddd9e03537486187d7dc
      size: 197023
    - path: data/interim/train_prepared.csv
      hash: md5
      md5: 7d501cd2bb193772eaf16d5e89016bef
      size: 459202
  training:
    cmd: PYTHONPATH=. python obesity_estimator/modeling/train.py
    deps:
    - path: data/interim/train_prepared.csv
      hash: md5
      md5: 7d501cd2bb193772eaf16d5e89016bef
      size: 459202
    - path: obesity_estimator/modeling/train.py
      hash: md5
      md5: 23b8bedb3afc7aa7791eb569b13f7f9a
      size: 3527
    - path: obesity_estimator/utils.py
      hash: md5
      md5: 49282ea26f7912787da1f31d5234b94b
      size: 1598
    outs:
    - path: models/
      hash: md5
      md5: 5c756db92b86cec6741f38c8c76be3fc.dir
      size: 8073315
      nfiles: 4
  evaluation:
    cmd: PYTHONPATH=. python obesity_estimator/modeling/predict.py
    deps:
    - path: data/interim/test_prepared.csv
      hash: md5
      md5: 3eeaf0a35e61ddd9e03537486187d7dc
      size: 197023
    - path: models/
      hash: md5
      md5: 5c756db92b86cec6741f38c8c76be3fc.dir
      size: 8073315
      nfiles: 4
    - path: obesity_estimator/modeling/predict.py
      hash: md5
      md5: 32b95640744313018b6fa51811cded33
      size: 2897
    - path: obesity_estimator/utils.py
      hash: md5
      md5: 49282ea26f7912787da1f31d5234b94b
      size: 1598
    outs:
    - path: reports/confusion_matrix.csv
      hash: md5
      md5: 2c7cb2e7fb32bbbefe96d37f329299bb
      size: 349
    - path: reports/confusion_matrix.png
      hash: md5
      md5: 31f75f4a2fa420e3719e09a1bce51794
      size: 39312
    - path: reports/evaluation_results.csv
      hash: md5
      md5: d1d4d458e4f588aee0648ec1e003731a
      size: 749
