schema: '2.0'
stages:
  prepare:
    cmd: PYTHONPATH=. python obesity_estimator/dataset.py
    deps:
    - path: data/raw/obesity_estimation_modified.csv
      hash: md5
      md5: 4d06280fd13e91dd93b8d75329963048
      size: 275196
    - path: obesity_estimator/dataset.py
      hash: md5
      md5: e64207a10acf9b8bfcfe1ab1c35fa920
      size: 3941
    outs:
    - path: data/processed/obesity_estimation_clean.csv
      hash: md5
      md5: 185a81bfc9398c7bceffc189c8eb9cff
      size: 259769
  eda:
    cmd: PYTHONPATH=. python obesity_estimator/plots.py
    deps:
    - path: data/processed/obesity_estimation_clean.csv
      hash: md5
      md5: 185a81bfc9398c7bceffc189c8eb9cff
      size: 259769
    - path: obesity_estimator/plots.py
      hash: md5
      md5: ae7654230f7285c99cf973c49dc4b585
      size: 5653
    outs:
    - path: reports/figures
      hash: md5
      md5: 74aeec70afa65d1fcfc7d5a79cd26b46.dir
      size: 1106294
      nfiles: 30
  preprocessing:
    cmd: PYTHONPATH=. python obesity_estimator/features.py
    deps:
    - path: data/processed/obesity_estimation_clean.csv
      hash: md5
      md5: 185a81bfc9398c7bceffc189c8eb9cff
      size: 259769
    - path: obesity_estimator/features.py
      hash: md5
      md5: 0d217c1d2dcb11f2ae2f7af3ca91ff5e
      size: 5088
    outs:
    - path: data/interim/class_distribution.csv
      hash: md5
      md5: 6ba05a89bb791b4c1aa211cafad5e775
      size: 227
    - path: data/interim/preprocessor.pkl
      hash: md5
      md5: b213650345f4ac2f189d5180fa8e1336
      size: 4442
    - path: data/interim/test_prepared.csv
      hash: md5
      md5: 2149288e43456c4e7296bbe098c47f7a
      size: 188027
    - path: data/interim/train_prepared.csv
      hash: md5
      md5: b05d60c35850172c29d850e894d18d11
      size: 437385
  training:
    cmd: PYTHONPATH=. python obesity_estimator/modeling/train.py
    deps:
    - path: data/interim/train_prepared.csv
      hash: md5
      md5: b05d60c35850172c29d850e894d18d11
      size: 437385
    - path: obesity_estimator/modeling/train.py
      hash: md5
      md5: e80e3ca983e3af6269aa236863723fa6
      size: 3530
    - path: obesity_estimator/utils.py
      hash: md5
      md5: 49282ea26f7912787da1f31d5234b94b
      size: 1598
    outs:
    - path: models/
      hash: md5
      md5: f538252f2826818438ee059978d78a7c.dir
      size: 7637411
      nfiles: 4
  evaluation:
    cmd: PYTHONPATH=. python obesity_estimator/modeling/predict.py
    deps:
    - path: data/interim/test_prepared.csv
      hash: md5
      md5: 2149288e43456c4e7296bbe098c47f7a
      size: 188027
    - path: models/
      hash: md5
      md5: f538252f2826818438ee059978d78a7c.dir
      size: 7637411
      nfiles: 4
    - path: obesity_estimator/modeling/predict.py
      hash: md5
      md5: 76a571b745686afa8f49fda431810431
      size: 2890
    - path: obesity_estimator/utils.py
      hash: md5
      md5: 49282ea26f7912787da1f31d5234b94b
      size: 1598
    outs:
    - path: reports/confusion_matrix.csv
      hash: md5
      md5: 739ba9e4081a3cbbbf79565f5637163c
      size: 349
    - path: reports/confusion_matrix.png
      hash: md5
      md5: 1239ac123dd09c468b730869d3613520
      size: 37902
    - path: reports/evaluation_results.csv
      hash: md5
      md5: 77c4ccb9247243675aa3f3ea18e57252
      size: 751
